// !$*UTF8*$!
{
	archiveVersion = 1;
	classes = {
	};
	objectVersion = 56;
	objects = {

/* Begin PBXBuildFile section */
		FE13C84E2B1F336400820966 /* Day05.swift in Sources */ = {isa = PBXBuildFile; fileRef = FE13C84D2B1F336400820966 /* Day05.swift */; };
		FE49BDD62B20C17900DF207E /* Day06.swift in Sources */ = {isa = PBXBuildFile; fileRef = FE49BDD52B20C17900DF207E /* Day06.swift */; };
		FE9097622B19D32800F442F6 /* main.swift in Sources */ = {isa = PBXBuildFile; fileRef = FE9097612B19D32700F442F6 /* main.swift */; };
		FE9097642B19D5E900F442F6 /* Day01.swift in Sources */ = {isa = PBXBuildFile; fileRef = FE9097632B19D5E900F442F6 /* Day01.swift */; };
		FEB36F772B1C7EC3007F5C9A /* Day02.swift in Sources */ = {isa = PBXBuildFile; fileRef = FEB36F762B1C7EC3007F5C9A /* Day02.swift */; };
		FEB36F7A2B1C803F007F5C9A /* String.swift in Sources */ = {isa = PBXBuildFile; fileRef = FEB36F792B1C803F007F5C9A /* String.swift */; };
		FEB36F7C2B1C8081007F5C9A /* Array.swift in Sources */ = {isa = PBXBuildFile; fileRef = FEB36F7B2B1C8081007F5C9A /* Array.swift */; };
		FECC3DA32B22FF48005B149C /* Day08.swift in Sources */ = {isa = PBXBuildFile; fileRef = FECC3DA22B22FF48005B149C /* Day08.swift */; };
		FEE0D7602B221ECC00788480 /* Day07.swift in Sources */ = {isa = PBXBuildFile; fileRef = FEE0D75F2B221ECC00788480 /* Day07.swift */; };
		FEED82622B1DFD3800317775 /* Day04.swift in Sources */ = {isa = PBXBuildFile; fileRef = FEED82612B1DFD3800317775 /* Day04.swift */; };
		FEED82822B1E018700317775 /* ArrayTests.swift in Sources */ = {isa = PBXBuildFile; fileRef = FEED82772B1DFEF000317775 /* ArrayTests.swift */; };
		FEED82832B1E019100317775 /* Array.swift in Sources */ = {isa = PBXBuildFile; fileRef = FEB36F7B2B1C8081007F5C9A /* Array.swift */; };
		FEED82852B1E07C900317775 /* Int.swift in Sources */ = {isa = PBXBuildFile; fileRef = FEED82842B1E07C900317775 /* Int.swift */; };
		FEF5538F2B1CDC5F00143750 /* Day03.swift in Sources */ = {isa = PBXBuildFile; fileRef = FEF5538E2B1CDC5F00143750 /* Day03.swift */; };
/* End PBXBuildFile section */

/* Begin PBXCopyFilesBuildPhase section */
		FE9097512B19C58600F442F6 /* CopyFiles */ = {
			isa = PBXCopyFilesBuildPhase;
			buildActionMask = 2147483647;
			dstPath = /usr/share/man/man1/;
			dstSubfolderSpec = 0;
			files = (
			);
			runOnlyForDeploymentPostprocessing = 1;
		};
/* End PBXCopyFilesBuildPhase section */

/* Begin PBXFileReference section */
		FE13C84D2B1F336400820966 /* Day05.swift */ = {isa = PBXFileReference; lastKnownFileType = sourcecode.swift; path = Day05.swift; sourceTree = "<group>"; };
		FE13C84F2B1F336D00820966 /* day05.txt */ = {isa = PBXFileReference; lastKnownFileType = text; path = day05.txt; sourceTree = "<group>"; };
		FE13C8502B1F341500820966 /* scratchpad.txt */ = {isa = PBXFileReference; lastKnownFileType = text; path = scratchpad.txt; sourceTree = "<group>"; };
		FE49BDD52B20C17900DF207E /* Day06.swift */ = {isa = PBXFileReference; lastKnownFileType = sourcecode.swift; path = Day06.swift; sourceTree = "<group>"; };
		FE49BDD72B20C19000DF207E /* day06.txt */ = {isa = PBXFileReference; lastKnownFileType = text; path = day06.txt; sourceTree = "<group>"; };
		FE9097532B19C58600F442F6 /* 2023 */ = {isa = PBXFileReference; explicitFileType = "compiled.mach-o.executable"; includeInIndex = 0; path = 2023; sourceTree = BUILT_PRODUCTS_DIR; };
		FE90975E2B19C7F400F442F6 /* day01.txt */ = {isa = PBXFileReference; lastKnownFileType = text; path = day01.txt; sourceTree = SOURCE_ROOT; };
		FE9097612B19D32700F442F6 /* main.swift */ = {isa = PBXFileReference; fileEncoding = 4; lastKnownFileType = sourcecode.swift; path = main.swift; sourceTree = SOURCE_ROOT; };
		FE9097632B19D5E900F442F6 /* Day01.swift */ = {isa = PBXFileReference; lastKnownFileType = sourcecode.swift; path = Day01.swift; sourceTree = "<group>"; };
		FEB36F762B1C7EC3007F5C9A /* Day02.swift */ = {isa = PBXFileReference; lastKnownFileType = sourcecode.swift; path = Day02.swift; sourceTree = "<group>"; };
		FEB36F792B1C803F007F5C9A /* String.swift */ = {isa = PBXFileReference; lastKnownFileType = sourcecode.swift; path = String.swift; sourceTree = "<group>"; };
		FEB36F7B2B1C8081007F5C9A /* Array.swift */ = {isa = PBXFileReference; lastKnownFileType = sourcecode.swift; path = Array.swift; sourceTree = "<group>"; };
		FEB36F7D2B1C80E4007F5C9A /* day02.txt */ = {isa = PBXFileReference; lastKnownFileType = text; path = day02.txt; sourceTree = "<group>"; };
		FECC3DA22B22FF48005B149C /* Day08.swift */ = {isa = PBXFileReference; lastKnownFileType = sourcecode.swift; path = Day08.swift; sourceTree = "<group>"; };
		FECC3DA42B22FF54005B149C /* day08.txt */ = {isa = PBXFileReference; lastKnownFileType = text; path = day08.txt; sourceTree = "<group>"; };
		FEE0D75F2B221ECC00788480 /* Day07.swift */ = {isa = PBXFileReference; lastKnownFileType = sourcecode.swift; path = Day07.swift; sourceTree = "<group>"; };
		FEE0D7612B221ED700788480 /* day07.txt */ = {isa = PBXFileReference; lastKnownFileType = text; path = day07.txt; sourceTree = "<group>"; };
		FEED82612B1DFD3800317775 /* Day04.swift */ = {isa = PBXFileReference; lastKnownFileType = sourcecode.swift; path = Day04.swift; sourceTree = "<group>"; };
		FEED82632B1DFD5300317775 /* day04.txt */ = {isa = PBXFileReference; lastKnownFileType = text; path = day04.txt; sourceTree = "<group>"; };
		FEED82752B1DFEF000317775 /* test.xctest */ = {isa = PBXFileReference; explicitFileType = wrapper.cfbundle; includeInIndex = 0; path = test.xctest; sourceTree = BUILT_PRODUCTS_DIR; };
		FEED82772B1DFEF000317775 /* ArrayTests.swift */ = {isa = PBXFileReference; lastKnownFileType = sourcecode.swift; path = ArrayTests.swift; sourceTree = "<group>"; };
		FEED82842B1E07C900317775 /* Int.swift */ = {isa = PBXFileReference; lastKnownFileType = sourcecode.swift; path = Int.swift; sourceTree = "<group>"; };
		FEF5538E2B1CDC5F00143750 /* Day03.swift */ = {isa = PBXFileReference; lastKnownFileType = sourcecode.swift; path = Day03.swift; sourceTree = "<group>"; };
		FEF553912B1CDC7F00143750 /* day03.txt */ = {isa = PBXFileReference; lastKnownFileType = text; path = day03.txt; sourceTree = "<group>"; };
/* End PBXFileReference section */

/* Begin PBXFrameworksBuildPhase section */
		FE9097502B19C58600F442F6 /* Frameworks */ = {
			isa = PBXFrameworksBuildPhase;
			buildActionMask = 2147483647;
			files = (
			);
			runOnlyForDeploymentPostprocessing = 0;
		};
		FEED82722B1DFEF000317775 /* Frameworks */ = {
			isa = PBXFrameworksBuildPhase;
			buildActionMask = 2147483647;
			files = (
			);
			runOnlyForDeploymentPostprocessing = 0;
		};
/* End PBXFrameworksBuildPhase section */

/* Begin PBXGroup section */
		FE90974A2B19C58600F442F6 = {
			isa = PBXGroup;
			children = (
				FEB36F782B1C7EE2007F5C9A /* Extensions */,
				FE9097632B19D5E900F442F6 /* Day01.swift */,
				FEB36F762B1C7EC3007F5C9A /* Day02.swift */,
				FEF5538E2B1CDC5F00143750 /* Day03.swift */,
				FEED82612B1DFD3800317775 /* Day04.swift */,
				FE13C84D2B1F336400820966 /* Day05.swift */,
				FE49BDD52B20C17900DF207E /* Day06.swift */,
				FEE0D75F2B221ECC00788480 /* Day07.swift */,
				FECC3DA22B22FF48005B149C /* Day08.swift */,
				FE90975E2B19C7F400F442F6 /* day01.txt */,
				FEB36F7D2B1C80E4007F5C9A /* day02.txt */,
				FEF553912B1CDC7F00143750 /* day03.txt */,
				FEED82632B1DFD5300317775 /* day04.txt */,
				FE13C84F2B1F336D00820966 /* day05.txt */,
				FE49BDD72B20C19000DF207E /* day06.txt */,
				FEE0D7612B221ED700788480 /* day07.txt */,
				FECC3DA42B22FF54005B149C /* day08.txt */,
				FE13C8502B1F341500820966 /* scratchpad.txt */,
				FE9097612B19D32700F442F6 /* main.swift */,
				FEED82762B1DFEF000317775 /* test */,
				FE9097542B19C58600F442F6 /* Products */,
			);
			sourceTree = "<group>";
		};
		FE9097542B19C58600F442F6 /* Products */ = {
			isa = PBXGroup;
			children = (
				FE9097532B19C58600F442F6 /* 2023 */,
				FEED82752B1DFEF000317775 /* test.xctest */,
			);
			name = Products;
			sourceTree = "<group>";
		};
		FEB36F782B1C7EE2007F5C9A /* Extensions */ = {
			isa = PBXGroup;
			children = (
				FEB36F792B1C803F007F5C9A /* String.swift */,
				FEB36F7B2B1C8081007F5C9A /* Array.swift */,
				FEED82842B1E07C900317775 /* Int.swift */,
			);
			path = Extensions;
			sourceTree = "<group>";
		};
		FEED82762B1DFEF000317775 /* test */ = {
			isa = PBXGroup;
			children = (
				FEED82772B1DFEF000317775 /* ArrayTests.swift */,
			);
			path = test;
			sourceTree = "<group>";
		};
/* End PBXGroup section */

/* Begin PBXNativeTarget section */
		FE9097522B19C58600F442F6 /* 2023 */ = {
			isa = PBXNativeTarget;
			buildConfigurationList = FE90975A2B19C58600F442F6 /* Build configuration list for PBXNativeTarget "2023" */;
			buildPhases = (
				FE90974F2B19C58600F442F6 /* Sources */,
				FE9097502B19C58600F442F6 /* Frameworks */,
				FE9097512B19C58600F442F6 /* CopyFiles */,
			);
			buildRules = (
			);
			dependencies = (
			);
			name = 2023;
			productName = 2023;
			productReference = FE9097532B19C58600F442F6 /* 2023 */;
			productType = "com.apple.product-type.tool";
		};
		FEED82742B1DFEF000317775 /* test */ = {
			isa = PBXNativeTarget;
			buildConfigurationList = FEED827B2B1DFEF000317775 /* Build configuration list for PBXNativeTarget "test" */;
			buildPhases = (
				FEED82712B1DFEF000317775 /* Sources */,
				FEED82722B1DFEF000317775 /* Frameworks */,
				FEED82732B1DFEF000317775 /* Resources */,
			);
			buildRules = (
			);
			dependencies = (
			);
			name = test;
			productName = test;
			productReference = FEED82752B1DFEF000317775 /* test.xctest */;
			productType = "com.apple.product-type.bundle.unit-test";
		};
/* End PBXNativeTarget section */

/* Begin PBXProject section */
		FE90974B2B19C58600F442F6 /* Project object */ = {
			isa = PBXProject;
			attributes = {
				BuildIndependentTargetsInParallel = 1;
				LastSwiftUpdateCheck = 1500;
				LastUpgradeCheck = 1500;
				TargetAttributes = {
					FE9097522B19C58600F442F6 = {
						CreatedOnToolsVersion = 15.0.1;
						LastSwiftMigration = 1500;
					};
					FEED82742B1DFEF000317775 = {
						CreatedOnToolsVersion = 15.0.1;
					};
				};
			};
			buildConfigurationList = FE90974E2B19C58600F442F6 /* Build configuration list for PBXProject "2023" */;
			compatibilityVersion = "Xcode 14.0";
			developmentRegion = en;
			hasScannedForEncodings = 0;
			knownRegions = (
				en,
				Base,
			);
			mainGroup = FE90974A2B19C58600F442F6;
			productRefGroup = FE9097542B19C58600F442F6 /* Products */;
			projectDirPath = "";
			projectRoot = "";
			targets = (
				FE9097522B19C58600F442F6 /* 2023 */,
				FEED82742B1DFEF000317775 /* test */,
			);
		};
/* End PBXProject section */

/* Begin PBXResourcesBuildPhase section */
		FEED82732B1DFEF000317775 /* Resources */ = {
			isa = PBXResourcesBuildPhase;
			buildActionMask = 2147483647;
			files = (
			);
			runOnlyForDeploymentPostprocessing = 0;
		};
/* End PBXResourcesBuildPhase section */

/* Begin PBXSourcesBuildPhase section */
		FE90974F2B19C58600F442F6 /* Sources */ = {
			isa = PBXSourcesBuildPhase;
			buildActionMask = 2147483647;
			files = (
				FE9097622B19D32800F442F6 /* main.swift in Sources */,
				FEB36F7C2B1C8081007F5C9A /* Array.swift in Sources */,
				FE9097642B19D5E900F442F6 /* Day01.swift in Sources */,
				FEB36F7A2B1C803F007F5C9A /* String.swift in Sources */,
				FEED82622B1DFD3800317775 /* Day04.swift in Sources */,
				FE13C84E2B1F336400820966 /* Day05.swift in Sources */,
				FE49BDD62B20C17900DF207E /* Day06.swift in Sources */,
				FEB36F772B1C7EC3007F5C9A /* Day02.swift in Sources */,
				FECC3DA32B22FF48005B149C /* Day08.swift in Sources */,
				FEE0D7602B221ECC00788480 /* Day07.swift in Sources */,
				FEF5538F2B1CDC5F00143750 /* Day03.swift in Sources */,
				FEED82852B1E07C900317775 /* Int.swift in Sources */,
			);
			runOnlyForDeploymentPostprocessing = 0;
		};
		FEED82712B1DFEF000317775 /* Sources */ = {
			isa = PBXSourcesBuildPhase;
			buildActionMask = 2147483647;
			files = (
				FEED82822B1E018700317775 /* ArrayTests.swift in Sources */,
				FEED82832B1E019100317775 /* Array.swift in Sources */,
			);
			runOnlyForDeploymentPostprocessing = 0;
		};
/* End PBXSourcesBuildPhase section */

/* Begin XCBuildConfiguration section */
		FE9097582B19C58600F442F6 /* Debug */ = {
			isa = XCBuildConfiguration;
			buildSettings = {
				ALWAYS_SEARCH_USER_PATHS = NO;
				ASSETCATALOG_COMPILER_GENERATE_SWIFT_ASSET_SYMBOL_EXTENSIONS = YES;
				CLANG_ANALYZER_NONNULL = YES;
				CLANG_ANALYZER_NUMBER_OBJECT_CONVERSION = YES_AGGRESSIVE;
				CLANG_CXX_LANGUAGE_STANDARD = "gnu++20";
				CLANG_ENABLE_MODULES = YES;
				CLANG_ENABLE_OBJC_ARC = YES;
				CLANG_ENABLE_OBJC_WEAK = YES;
				CLANG_WARN_BLOCK_CAPTURE_AUTORELEASING = YES;
				CLANG_WARN_BOOL_CONVERSION = YES;
				CLANG_WARN_COMMA = YES;
				CLANG_WARN_CONSTANT_CONVERSION = YES;
				CLANG_WARN_DEPRECATED_OBJC_IMPLEMENTATIONS = YES;
				CLANG_WARN_DIRECT_OBJC_ISA_USAGE = YES_ERROR;
				CLANG_WARN_DOCUMENTATION_COMMENTS = YES;
				CLANG_WARN_EMPTY_BODY = YES;
				CLANG_WARN_ENUM_CONVERSION = YES;
				CLANG_WARN_INFINITE_RECURSION = YES;
				CLANG_WARN_INT_CONVERSION = YES;
				CLANG_WARN_NON_LITERAL_NULL_CONVERSION = YES;
				CLANG_WARN_OBJC_IMPLICIT_RETAIN_SELF = YES;
				CLANG_WARN_OBJC_LITERAL_CONVERSION = YES;
				CLANG_WARN_OBJC_ROOT_CLASS = YES_ERROR;
				CLANG_WARN_QUOTED_INCLUDE_IN_FRAMEWORK_HEADER = YES;
				CLANG_WARN_RANGE_LOOP_ANALYSIS = YES;
				CLANG_WARN_STRICT_PROTOTYPES = YES;
				CLANG_WARN_SUSPICIOUS_MOVE = YES;
				CLANG_WARN_UNGUARDED_AVAILABILITY = YES_AGGRESSIVE;
				CLANG_WARN_UNREACHABLE_CODE = YES;
				CLANG_WARN__DUPLICATE_METHOD_MATCH = YES;
				COPY_PHASE_STRIP = NO;
				DEBUG_INFORMATION_FORMAT = dwarf;
				ENABLE_STRICT_OBJC_MSGSEND = YES;
				ENABLE_TESTABILITY = YES;
				ENABLE_USER_SCRIPT_SANDBOXING = YES;
				GCC_C_LANGUAGE_STANDARD = gnu17;
				GCC_DYNAMIC_NO_PIC = NO;
				GCC_NO_COMMON_BLOCKS = YES;
				GCC_OPTIMIZATION_LEVEL = 0;
				GCC_PREPROCESSOR_DEFINITIONS = (
					"DEBUG=1",
					"$(inherited)",
				);
				GCC_WARN_64_TO_32_BIT_CONVERSION = YES;
				GCC_WARN_ABOUT_RETURN_TYPE = YES_ERROR;
				GCC_WARN_UNDECLARED_SELECTOR = YES;
				GCC_WARN_UNINITIALIZED_AUTOS = YES_AGGRESSIVE;
				GCC_WARN_UNUSED_FUNCTION = YES;
				GCC_WARN_UNUSED_VARIABLE = YES;
				LOCALIZATION_PREFERS_STRING_CATALOGS = YES;
				MACOSX_DEPLOYMENT_TARGET = 14.0;
				MTL_ENABLE_DEBUG_INFO = INCLUDE_SOURCE;
				MTL_FAST_MATH = YES;
				ONLY_ACTIVE_ARCH = YES;
				SDKROOT = macosx;
				SWIFT_ACTIVE_COMPILATION_CONDITIONS = "DEBUG $(inherited)";
				SWIFT_OPTIMIZATION_LEVEL = "-Onone";
			};
			name = Debug;
		};
		FE9097592B19C58600F442F6 /* Release */ = {
			isa = XCBuildConfiguration;
			buildSettings = {
				ALWAYS_SEARCH_USER_PATHS = NO;
				ASSETCATALOG_COMPILER_GENERATE_SWIFT_ASSET_SYMBOL_EXTENSIONS = YES;
				CLANG_ANALYZER_NONNULL = YES;
				CLANG_ANALYZER_NUMBER_OBJECT_CONVERSION = YES_AGGRESSIVE;
				CLANG_CXX_LANGUAGE_STANDARD = "gnu++20";
				CLANG_ENABLE_MODULES = YES;
				CLANG_ENABLE_OBJC_ARC = YES;
				CLANG_ENABLE_OBJC_WEAK = YES;
				CLANG_WARN_BLOCK_CAPTURE_AUTORELEASING = YES;
				CLANG_WARN_BOOL_CONVERSION = YES;
				CLANG_WARN_COMMA = YES;
				CLANG_WARN_CONSTANT_CONVERSION = YES;
				CLANG_WARN_DEPRECATED_OBJC_IMPLEMENTATIONS = YES;
				CLANG_WARN_DIRECT_OBJC_ISA_USAGE = YES_ERROR;
				CLANG_WARN_DOCUMENTATION_COMMENTS = YES;
				CLANG_WARN_EMPTY_BODY = YES;
				CLANG_WARN_ENUM_CONVERSION = YES;
				CLANG_WARN_INFINITE_RECURSION = YES;
				CLANG_WARN_INT_CONVERSION = YES;
				CLANG_WARN_NON_LITERAL_NULL_CONVERSION = YES;
				CLANG_WARN_OBJC_IMPLICIT_RETAIN_SELF = YES;
				CLANG_WARN_OBJC_LITERAL_CONVERSION = YES;
				CLANG_WARN_OBJC_ROOT_CLASS = YES_ERROR;
				CLANG_WARN_QUOTED_INCLUDE_IN_FRAMEWORK_HEADER = YES;
				CLANG_WARN_RANGE_LOOP_ANALYSIS = YES;
				CLANG_WARN_STRICT_PROTOTYPES = YES;
				CLANG_WARN_SUSPICIOUS_MOVE = YES;
				CLANG_WARN_UNGUARDED_AVAILABILITY = YES_AGGRESSIVE;
				CLANG_WARN_UNREACHABLE_CODE = YES;
				CLANG_WARN__DUPLICATE_METHOD_MATCH = YES;
				COPY_PHASE_STRIP = NO;
				DEBUG_INFORMATION_FORMAT = "dwarf-with-dsym";
				ENABLE_NS_ASSERTIONS = NO;
				ENABLE_STRICT_OBJC_MSGSEND = YES;
				ENABLE_USER_SCRIPT_SANDBOXING = YES;
				GCC_C_LANGUAGE_STANDARD = gnu17;
				GCC_NO_COMMON_BLOCKS = YES;
				GCC_WARN_64_TO_32_BIT_CONVERSION = YES;
				GCC_WARN_ABOUT_RETURN_TYPE = YES_ERROR;
				GCC_WARN_UNDECLARED_SELECTOR = YES;
				GCC_WARN_UNINITIALIZED_AUTOS = YES_AGGRESSIVE;
				GCC_WARN_UNUSED_FUNCTION = YES;
				GCC_WARN_UNUSED_VARIABLE = YES;
				LOCALIZATION_PREFERS_STRING_CATALOGS = YES;
				MACOSX_DEPLOYMENT_TARGET = 14.0;
				MTL_ENABLE_DEBUG_INFO = NO;
				MTL_FAST_MATH = YES;
				SDKROOT = macosx;
				SWIFT_COMPILATION_MODE = wholemodule;
			};
			name = Release;
		};
		FE90975B2B19C58600F442F6 /* Debug */ = {
			isa = XCBuildConfiguration;
			buildSettings = {
				CLANG_ENABLE_MODULES = YES;
				CODE_SIGN_STYLE = Automatic;
				DEVELOPMENT_ASSET_PATHS = "";
				DEVELOPMENT_TEAM = 7D4U8FN3SS;
				ENABLE_HARDENED_RUNTIME = YES;
				PRODUCT_NAME = "$(TARGET_NAME)";
				SWIFT_OPTIMIZATION_LEVEL = "-Onone";
				SWIFT_VERSION = 5.0;
			};
			name = Debug;
		};
		FE90975C2B19C58600F442F6 /* Release */ = {
			isa = XCBuildConfiguration;
			buildSettings = {
				CLANG_ENABLE_MODULES = YES;
				CODE_SIGN_STYLE = Automatic;
				DEVELOPMENT_ASSET_PATHS = "";
				DEVELOPMENT_TEAM = 7D4U8FN3SS;
				ENABLE_HARDENED_RUNTIME = YES;
				PRODUCT_NAME = "$(TARGET_NAME)";
				SWIFT_VERSION = 5.0;
			};
			name = Release;
		};
		FEED82792B1DFEF000317775 /* Debug */ = {
			isa = XCBuildConfiguration;
			buildSettings = {
				CODE_SIGN_STYLE = Automatic;
				CURRENT_PROJECT_VERSION = 1;
				DEVELOPMENT_TEAM = 7D4U8FN3SS;
				GENERATE_INFOPLIST_FILE = YES;
				MARKETING_VERSION = 1.0;
				PRODUCT_BUNDLE_IDENTIFIER = dev.backpacker.test;
				PRODUCT_NAME = "$(TARGET_NAME)";
				SWIFT_EMIT_LOC_STRINGS = NO;
				SWIFT_VERSION = 5.0;
			};
			name = Debug;
		};
		FEED827A2B1DFEF000317775 /* Release */ = {
			isa = XCBuildConfiguration;
			buildSettings = {
				CODE_SIGN_STYLE = Automatic;
				CURRENT_PROJECT_VERSION = 1;
				DEVELOPMENT_TEAM = 7D4U8FN3SS;
				GENERATE_INFOPLIST_FILE = YES;
				MARKETING_VERSION = 1.0;
				PRODUCT_BUNDLE_IDENTIFIER = dev.backpacker.test;
				PRODUCT_NAME = "$(TARGET_NAME)";
				SWIFT_EMIT_LOC_STRINGS = NO;
				SWIFT_VERSION = 5.0;
			};
			name = Release;
		};
/* End XCBuildConfiguration section */

/* Begin XCConfigurationList section */
		FE90974E2B19C58600F442F6 /* Build configuration list for PBXProject "2023" */ = {
			isa = XCConfigurationList;
			buildConfigurations = (
				FE9097582B19C58600F442F6 /* Debug */,
				FE9097592B19C58600F442F6 /* Release */,
			);
			defaultConfigurationIsVisible = 0;
			defaultConfigurationName = Release;
		};
		FE90975A2B19C58600F442F6 /* Build configuration list for PBXNativeTarget "2023" */ = {
			isa = XCConfigurationList;
			buildConfigurations = (
				FE90975B2B19C58600F442F6 /* Debug */,
				FE90975C2B19C58600F442F6 /* Release */,
			);
			defaultConfigurationIsVisible = 0;
			defaultConfigurationName = Release;
		};
		FEED827B2B1DFEF000317775 /* Build configuration list for PBXNativeTarget "test" */ = {
			isa = XCConfigurationList;
			buildConfigurations = (
				FEED82792B1DFEF000317775 /* Debug */,
				FEED827A2B1DFEF000317775 /* Release */,
			);
			defaultConfigurationIsVisible = 0;
			defaultConfigurationName = Release;
		};
/* End XCConfigurationList section */
	};
	rootObject = FE90974B2B19C58600F442F6 /* Project object */;
}
